
Microsoft Visual Studio Solution File, Format Version 12.00
# Visual Studio Version 16
VisualStudioVersion = 16.0.30907.101
MinimumVisualStudioVersion = 10.0.40219.1
Project("{9A19103F-16F7-4668-BE54-9A1E7A4F7556}") = "WinFormUI", "TaxService\WinFormUI.csproj", "{505743AA-7325-41F6-9D58-01358F272E24}"
EndProject
Project("{9A19103F-16F7-4668-BE54-9A1E7A4F7556}") = "TaxCalculator", "TaxCalculator\TaxCalculator.csproj", "{7F2AC1AD-798B-452F-8638-D788238D87B9}"
EndProject
Project("{9A19103F-16F7-4668-BE54-9A1E7A4F7556}") = "TaxCalculator.Tests", "TaxCalculator.Tests\TaxCalculator.Tests.csproj", "{0F268223-9706-43D7-AD15-D21B1335ED97}"
EndProject
Global
	GlobalSection(SolutionConfigurationPlatforms) = preSolution
		Debug|Any CPU = Debug|Any CPU
		Release|Any CPU = Release|Any CPU
	EndGlobalSection
	GlobalSection(ProjectConfigurationPlatforms) = postSolution
		{505743AA-7325-41F6-9D58-01358F272E24}.Debug|Any CPU.ActiveCfg = Debug|Any CPU
		{505743AA-7325-41F6-9D58-01358F272E24}.Debug|Any CPU.Build.0 = Debug|Any CPU
		{505743AA-7325-41F6-9D58-01358F272E24}.Release|Any CPU.ActiveCfg = Release|Any CPU
		{505743AA-7325-41F6-9D58-01358F272E24}.Release|Any CPU.Build.0 = Release|Any CPU
		{7F2AC1AD-798B-452F-8638-D788238D87B9}.Debug|Any CPU.ActiveCfg = Debug|Any CPU
		{7F2AC1AD-798B-452F-8638-D788238D87B9}.Debug|Any CPU.Build.0 = Debug|Any CPU
		{7F2AC1AD-798B-452F-8638-D788238D87B9}.Release|Any CPU.ActiveCfg = Release|Any CPU
		{7F2AC1AD-798B-452F-8638-D788238D87B9}.Release|Any CPU.Build.0 = Release|Any CPU
		{0F268223-9706-43D7-AD15-D21B1335ED97}.Debug|Any CPU.ActiveCfg = Debug|Any CPU
		{0F268223-9706-43D7-AD15-D21B1335ED97}.Debug|Any CPU.Build.0 = Debug|Any CPU
		{0F268223-9706-43D7-AD15-D21B1335ED97}.Release|Any CPU.ActiveCfg = Release|Any CPU
		{0F268223-9706-43D7-AD15-D21B1335ED97}.Release|Any CPU.Build.0 = Release|Any CPU
	EndGlobalSection
	GlobalSection(SolutionProperties) = preSolution
		HideSolutionNode = FALSE
	EndGlobalSection
	GlobalSection(ExtensibilityGlobals) = postSolution
		SolutionGuid = {34F7CA0A-869E-42F1-AD46-3AE5BD3085A1}
	EndGlobalSection
EndGlobal
